
Microsoft Visual Studio Solution File, Format Version 12.00
# Visual Studio Version 17
VisualStudioVersion = 17.14.36127.28 d17.14
MinimumVisualStudioVersion = 10.0.40219.1
Project("{FAE04EC0-301F-11D3-BF4B-00C04F79EFBC}") = "MedicationManagementApp", "MedicationManagementApp\MedicationManagementApp.csproj", "{6CA24B04-61D8-4C05-A5AB-56E9B2474720}"
EndProject
Global
	GlobalSection(SolutionConfigurationPlatforms) = preSolution
		Debug|Any CPU = Debug|Any CPU
		Release|Any CPU = Release|Any CPU
	EndGlobalSection
	GlobalSection(ProjectConfigurationPlatforms) = postSolution
		{6CA24B04-61D8-4C05-A5AB-56E9B2474720}.Debug|Any CPU.ActiveCfg = Debug|Any CPU
		{6CA24B04-61D8-4C05-A5AB-56E9B2474720}.Debug|Any CPU.Build.0 = Debug|Any CPU
		{6CA24B04-61D8-4C05-A5AB-56E9B2474720}.Release|Any CPU.ActiveCfg = Release|Any CPU
		{6CA24B04-61D8-4C05-A5AB-56E9B2474720}.Release|Any CPU.Build.0 = Release|Any CPU
	EndGlobalSection
	GlobalSection(SolutionProperties) = preSolution
		HideSolutionNode = FALSE
	EndGlobalSection
	GlobalSection(ExtensibilityGlobals) = postSolution
		SolutionGuid = {2D98B787-5718-4E0C-B72F-F291873DD235}
	EndGlobalSection
EndGlobal
